
Microsoft Visual Studio Solution File, Format Version 12.00
# Visual Studio Version 16
VisualStudioVersion = 16.0.31005.135
MinimumVisualStudioVersion = 10.0.40219.1
Project("{FAE04EC0-301F-11D3-BF4B-00C04F79EFBC}") = "MasterSeatFix", "MasterSeatFix.csproj", "{6B2CBD8F-1D68-420D-A4B4-9176F3A1337B}"
EndProject
Global
	GlobalSection(SolutionConfigurationPlatforms) = preSolution
		Debug|Any CPU = Debug|Any CPU
		Release|Any CPU = Release|Any CPU
	EndGlobalSection
	GlobalSection(ProjectConfigurationPlatforms) = postSolution
		{6B2CBD8F-1D68-420D-A4B4-9176F3A1337B}.Debug|Any CPU.ActiveCfg = Debug|Any CPU
		{6B2CBD8F-1D68-420D-A4B4-9176F3A1337B}.Debug|Any CPU.Build.0 = Debug|Any CPU
		{6B2CBD8F-1D68-420D-A4B4-9176F3A1337B}.Release|Any CPU.ActiveCfg = Release|Any CPU
		{6B2CBD8F-1D68-420D-A4B4-9176F3A1337B}.Release|Any CPU.Build.0 = Release|Any CPU
	EndGlobalSection
	GlobalSection(SolutionProperties) = preSolution
		HideSolutionNode = FALSE
	EndGlobalSection
	GlobalSection(ExtensibilityGlobals) = postSolution
		SolutionGuid = {7918138E-72C6-44B9-B7AA-99D78B7BBB29}
	EndGlobalSection
EndGlobal
